// !$*UTF8*$!
{
	archiveVersion = 1;
	classes = {
	};
	objectVersion = 46;
	objects = {

/* Begin PBXBuildFile section */
		4344FFA31D508F7C00471AD0 /* main.m in Sources */ = {isa = PBXBuildFile; fileRef = 4344FFA21D508F7C00471AD0 /* main.m */; };
		4344FFAB1D508F9100471AD0 /* BNRPerson.m in Sources */ = {isa = PBXBuildFile; fileRef = 4344FFAA1D508F9100471AD0 /* BNRPerson.m */; };
		4344FFAE1D509AAE00471AD0 /* BNREmployee.m in Sources */ = {isa = PBXBuildFile; fileRef = 4344FFAD1D509AAE00471AD0 /* BNREmployee.m */; };
/* End PBXBuildFile section */

/* Begin PBXCopyFilesBuildPhase section */
		4344FF9D1D508F7C00471AD0 /* CopyFiles */ = {
			isa = PBXCopyFilesBuildPhase;
			buildActionMask = 2147483647;
			dstPath = /usr/share/man/man1/;
			dstSubfolderSpec = 0;
			files = (
			);
			runOnlyForDeploymentPostprocessing = 1;
		};
/* End PBXCopyFilesBuildPhase section */

/* Begin PBXFileReference section */
		4344FF9F1D508F7C00471AD0 /* bnrPerson */ = {isa = PBXFileReference; explicitFileType = "compiled.mach-o.executable"; includeInIndex = 0; path = bnrPerson; sourceTree = BUILT_PRODUCTS_DIR; };
		4344FFA21D508F7C00471AD0 /* main.m */ = {isa = PBXFileReference; lastKnownFileType = sourcecode.c.objc; path = main.m; sourceTree = "<group>"; };
		4344FFA91D508F9100471AD0 /* BNRPerson.h */ = {isa = PBXFileReference; fileEncoding = 4; lastKnownFileType = sourcecode.c.h; path = BNRPerson.h; sourceTree = "<group>"; };
		4344FFAA1D508F9100471AD0 /* BNRPerson.m */ = {isa = PBXFileReference; fileEncoding = 4; lastKnownFileType = sourcecode.c.objc; path = BNRPerson.m; sourceTree = "<group>"; };
		4344FFAC1D509AAE00471AD0 /* BNREmployee.h */ = {isa = PBXFileReference; fileEncoding = 4; lastKnownFileType = sourcecode.c.h; path = BNREmployee.h; sourceTree = "<group>"; };
		4344FFAD1D509AAE00471AD0 /* BNREmployee.m */ = {isa = PBXFileReference; fileEncoding = 4; lastKnownFileType = sourcecode.c.objc; path = BNREmployee.m; sourceTree = "<group>"; };
/* End PBXFileReference section */

/* Begin PBXFrameworksBuildPhase section */
		4344FF9C1D508F7C00471AD0 /* Frameworks */ = {
			isa = PBXFrameworksBuildPhase;
			buildActionMask = 2147483647;
			files = (
			);
			runOnlyForDeploymentPostprocessing = 0;
		};
/* End PBXFrameworksBuildPhase section */

/* Begin PBXGroup section */
		4344FF961D508F7C00471AD0 = {
			isa = PBXGroup;
			children = (
				4344FFA11D508F7C00471AD0 /* bnrPerson */,
				4344FFA01D508F7C00471AD0 /* Products */,
			);
			sourceTree = "<group>";
		};
		4344FFA01D508F7C00471AD0 /* Products */ = {
			isa = PBXGroup;
			children = (
				4344FF9F1D508F7C00471AD0 /* bnrPerson */,
			);
			name = Products;
			sourceTree = "<group>";
		};
		4344FFA11D508F7C00471AD0 /* bnrPerson */ = {
			isa = PBXGroup;
			children = (
				4344FFA21D508F7C00471AD0 /* main.m */,
				4344FFA91D508F9100471AD0 /* BNRPerson.h */,
				4344FFAA1D508F9100471AD0 /* BNRPerson.m */,
				4344FFAC1D509AAE00471AD0 /* BNREmployee.h */,
				4344FFAD1D509AAE00471AD0 /* BNREmployee.m */,
			);
			path = bnrPerson;
			sourceTree = "<group>";
		};
/* End PBXGroup section */

/* Begin PBXNativeTarget section */
		4344FF9E1D508F7C00471AD0 /* bnrPerson */ = {
			isa = PBXNativeTarget;
			buildConfigurationList = 4344FFA61D508F7C00471AD0 /* Build configuration list for PBXNativeTarget "bnrPerson" */;
			buildPhases = (
				4344FF9B1D508F7C00471AD0 /* Sources */,
				4344FF9C1D508F7C00471AD0 /* Frameworks */,
				4344FF9D1D508F7C00471AD0 /* CopyFiles */,
			);
			buildRules = (
			);
			dependencies = (
			);
			name = bnrPerson;
			productName = bnrPerson;
			productReference = 4344FF9F1D508F7C00471AD0 /* bnrPerson */;
			productType = "com.apple.product-type.tool";
		};
/* End PBXNativeTarget section */

/* Begin PBXProject section */
		4344FF971D508F7C00471AD0 /* Project object */ = {
			isa = PBXProject;
			attributes = {
				LastUpgradeCheck = 0730;
				ORGANIZATIONNAME = floodliu;
				TargetAttributes = {
					4344FF9E1D508F7C00471AD0 = {
						CreatedOnToolsVersion = 7.3.1;
					};
				};
			};
			buildConfigurationList = 4344FF9A1D508F7C00471AD0 /* Build configuration list for PBXProject "bnrPerson" */;
			compatibilityVersion = "Xcode 3.2";
			developmentRegion = English;
			hasScannedForEncodings = 0;
			knownRegions = (
				en,
			);
			mainGroup = 4344FF961D508F7C00471AD0;
			productRefGroup = 4344FFA01D508F7C00471AD0 /* Products */;
			projectDirPath = "";
			projectRoot = "";
			targets = (
				4344FF9E1D508F7C00471AD0 /* bnrPerson */,
			);
		};
/* End PBXProject section */

/* Begin PBXSourcesBuildPhase section */
		4344FF9B1D508F7C00471AD0 /* Sources */ = {
			isa = PBXSourcesBuildPhase;
			buildActionMask = 2147483647;
			files = (
				4344FFAE1D509AAE00471AD0 /* BNREmployee.m in Sources */,
				4344FFA31D508F7C00471AD0 /* main.m in Sources */,
				4344FFAB1D508F9100471AD0 /* BNRPerson.m in Sources */,
			);
			runOnlyForDeploymentPostprocessing = 0;
		};
/* End PBXSourcesBuildPhase section */

/* Begin XCBuildConfiguration section */
		4344FFA41D508F7C00471AD0 /* Debug */ = {
			isa = XCBuildConfiguration;
			buildSettings = {
				ALWAYS_SEARCH_USER_PATHS = NO;
				CLANG_ANALYZER_NONNULL = YES;
				CLANG_CXX_LANGUAGE_STANDARD = "gnu++0x";
				CLANG_CXX_LIBRARY = "libc++";
				CLANG_ENABLE_MODULES = YES;
				CLANG_ENABLE_OBJC_ARC = YES;
				CLANG_WARN_BOOL_CONVERSION = YES;
				CLANG_WARN_CONSTANT_CONVERSION = YES;
				CLANG_WARN_DIRECT_OBJC_ISA_USAGE = YES_ERROR;
				CLANG_WARN_EMPTY_BODY = YES;
				CLANG_WARN_ENUM_CONVERSION = YES;
				CLANG_WARN_INT_CONVERSION = YES;
				CLANG_WARN_OBJC_ROOT_CLASS = YES_ERROR;
				CLANG_WARN_UNREACHABLE_CODE = YES;
				CLANG_WARN__DUPLICATE_METHOD_MATCH = YES;
				CODE_SIGN_IDENTITY = "-";
				COPY_PHASE_STRIP = NO;
				DEBUG_INFORMATION_FORMAT = dwarf;
				ENABLE_STRICT_OBJC_MSGSEND = YES;
				ENABLE_TESTABILITY = YES;
				GCC_C_LANGUAGE_STANDARD = gnu99;
				GCC_DYNAMIC_NO_PIC = NO;
				GCC_NO_COMMON_BLOCKS = YES;
				GCC_OPTIMIZATION_LEVEL = 0;
				GCC_PREPROCESSOR_DEFINITIONS = (
					"DEBUG=1",
					"$(inherited)",
				);
				GCC_WARN_64_TO_32_BIT_CONVERSION = YES;
				GCC_WARN_ABOUT_RETURN_TYPE = YES_ERROR;
				GCC_WARN_UNDECLARED_SELECTOR = YES;
				GCC_WARN_UNINITIALIZED_AUTOS = YES_AGGRESSIVE;
				GCC_WARN_UNUSED_FUNCTION = YES;
				GCC_WARN_UNUSED_VARIABLE = YES;
				MACOSX_DEPLOYMENT_TARGET = 10.11;
				MTL_ENABLE_DEBUG_INFO = YES;
				ONLY_ACTIVE_ARCH = YES;
				SDKROOT = macosx;
			};
			name = Debug;
		};
		4344FFA51D508F7C00471AD0 /* Release */ = {
			isa = XCBuildConfiguration;
			buildSettings = {
				ALWAYS_SEARCH_USER_PATHS = NO;
				CLANG_ANALYZER_NONNULL = YES;
				CLANG_CXX_LANGUAGE_STANDARD = "gnu++0x";
				CLANG_CXX_LIBRARY = "libc++";
				CLANG_ENABLE_MODULES = YES;
				CLANG_ENABLE_OBJC_ARC = YES;
				CLANG_WARN_BOOL_CONVERSION = YES;
				CLANG_WARN_CONSTANT_CONVERSION = YES;
				CLANG_WARN_DIRECT_OBJC_ISA_USAGE = YES_ERROR;
				CLANG_WARN_EMPTY_BODY = YES;
				CLANG_WARN_ENUM_CONVERSION = YES;
				CLANG_WARN_INT_CONVERSION = YES;
				CLANG_WARN_OBJC_ROOT_CLASS = YES_ERROR;
				CLANG_WARN_UNREACHABLE_CODE = YES;
				CLANG_WARN__DUPLICATE_METHOD_MATCH = YES;
				CODE_SIGN_IDENTITY = "-";
				COPY_PHASE_STRIP = NO;
				DEBUG_INFORMATION_FORMAT = "dwarf-with-dsym";
				ENABLE_NS_ASSERTIONS = NO;
				ENABLE_STRICT_OBJC_MSGSEND = YES;
				GCC_C_LANGUAGE_STANDARD = gnu99;
				GCC_NO_COMMON_BLOCKS = YES;
				GCC_WARN_64_TO_32_BIT_CONVERSION = YES;
				GCC_WARN_ABOUT_RETURN_TYPE = YES_ERROR;
				GCC_WARN_UNDECLARED_SELECTOR = YES;
				GCC_WARN_UNINITIALIZED_AUTOS = YES_AGGRESSIVE;
				GCC_WARN_UNUSED_FUNCTION = YES;
				GCC_WARN_UNUSED_VARIABLE = YES;
				MACOSX_DEPLOYMENT_TARGET = 10.11;
				MTL_ENABLE_DEBUG_INFO = NO;
				SDKROOT = macosx;
			};
			name = Release;
		};
		4344FFA71D508F7C00471AD0 /* Debug */ = {
			isa = XCBuildConfiguration;
			buildSettings = {
				PRODUCT_NAME = "$(TARGET_NAME)";
			};
			name = Debug;
		};
		4344FFA81D508F7C00471AD0 /* Release */ = {
			isa = XCBuildConfiguration;
			buildSettings = {
				PRODUCT_NAME = "$(TARGET_NAME)";
			};
			name = Release;
		};
/* End XCBuildConfiguration section */

/* Begin XCConfigurationList section */
		4344FF9A1D508F7C00471AD0 /* Build configuration list for PBXProject "bnrPerson" */ = {
			isa = XCConfigurationList;
			buildConfigurations = (
				4344FFA41D508F7C00471AD0 /* Debug */,
				4344FFA51D508F7C00471AD0 /* Release */,
			);
			defaultConfigurationIsVisible = 0;
			defaultConfigurationName = Release;
		};
		4344FFA61D508F7C00471AD0 /* Build configuration list for PBXNativeTarget "bnrPerson" */ = {
			isa = XCConfigurationList;
			buildConfigurations = (
				4344FFA71D508F7C00471AD0 /* Debug */,
				4344FFA81D508F7C00471AD0 /* Release */,
			);
			defaultConfigurationIsVisible = 0;
		};
/* End XCConfigurationList section */
	};
	rootObject = 4344FF971D508F7C00471AD0 /* Project object */;
}
