// !$*UTF8*$!
{
	archiveVersion = 1;
	classes = {
	};
	objectVersion = 46;
	objects = {

/* Begin PBXBuildFile section */
		435E2A3C1D758A6A00388ED0 /* main.m in Sources */ = {isa = PBXBuildFile; fileRef = 435E2A3B1D758A6A00388ED0 /* main.m */; };
		435E2A441D758A8E00388ED0 /* BNRLogger.m in Sources */ = {isa = PBXBuildFile; fileRef = 435E2A431D758A8E00388ED0 /* BNRLogger.m */; };
/* End PBXBuildFile section */

/* Begin PBXCopyFilesBuildPhase section */
		435E2A361D758A6A00388ED0 /* CopyFiles */ = {
			isa = PBXCopyFilesBuildPhase;
			buildActionMask = 2147483647;
			dstPath = /usr/share/man/man1/;
			dstSubfolderSpec = 0;
			files = (
			);
			runOnlyForDeploymentPostprocessing = 1;
		};
/* End PBXCopyFilesBuildPhase section */

/* Begin PBXFileReference section */
		435E2A381D758A6A00388ED0 /* callback-notification */ = {isa = PBXFileReference; explicitFileType = "compiled.mach-o.executable"; includeInIndex = 0; path = "callback-notification"; sourceTree = BUILT_PRODUCTS_DIR; };
		435E2A3B1D758A6A00388ED0 /* main.m */ = {isa = PBXFileReference; lastKnownFileType = sourcecode.c.objc; path = main.m; sourceTree = "<group>"; };
		435E2A421D758A8E00388ED0 /* BNRLogger.h */ = {isa = PBXFileReference; fileEncoding = 4; lastKnownFileType = sourcecode.c.h; path = BNRLogger.h; sourceTree = "<group>"; };
		435E2A431D758A8E00388ED0 /* BNRLogger.m */ = {isa = PBXFileReference; fileEncoding = 4; lastKnownFileType = sourcecode.c.objc; path = BNRLogger.m; sourceTree = "<group>"; };
/* End PBXFileReference section */

/* Begin PBXFrameworksBuildPhase section */
		435E2A351D758A6A00388ED0 /* Frameworks */ = {
			isa = PBXFrameworksBuildPhase;
			buildActionMask = 2147483647;
			files = (
			);
			runOnlyForDeploymentPostprocessing = 0;
		};
/* End PBXFrameworksBuildPhase section */

/* Begin PBXGroup section */
		435E2A2F1D758A6A00388ED0 = {
			isa = PBXGroup;
			children = (
				435E2A3A1D758A6A00388ED0 /* callback-notification */,
				435E2A391D758A6A00388ED0 /* Products */,
			);
			sourceTree = "<group>";
		};
		435E2A391D758A6A00388ED0 /* Products */ = {
			isa = PBXGroup;
			children = (
				435E2A381D758A6A00388ED0 /* callback-notification */,
			);
			name = Products;
			sourceTree = "<group>";
		};
		435E2A3A1D758A6A00388ED0 /* callback-notification */ = {
			isa = PBXGroup;
			children = (
				435E2A3B1D758A6A00388ED0 /* main.m */,
				435E2A421D758A8E00388ED0 /* BNRLogger.h */,
				435E2A431D758A8E00388ED0 /* BNRLogger.m */,
			);
			path = "callback-notification";
			sourceTree = "<group>";
		};
/* End PBXGroup section */

/* Begin PBXNativeTarget section */
		435E2A371D758A6A00388ED0 /* callback-notification */ = {
			isa = PBXNativeTarget;
			buildConfigurationList = 435E2A3F1D758A6A00388ED0 /* Build configuration list for PBXNativeTarget "callback-notification" */;
			buildPhases = (
				435E2A341D758A6A00388ED0 /* Sources */,
				435E2A351D758A6A00388ED0 /* Frameworks */,
				435E2A361D758A6A00388ED0 /* CopyFiles */,
			);
			buildRules = (
			);
			dependencies = (
			);
			name = "callback-notification";
			productName = "callback-notification";
			productReference = 435E2A381D758A6A00388ED0 /* callback-notification */;
			productType = "com.apple.product-type.tool";
		};
/* End PBXNativeTarget section */

/* Begin PBXProject section */
		435E2A301D758A6A00388ED0 /* Project object */ = {
			isa = PBXProject;
			attributes = {
				LastUpgradeCheck = 0730;
				ORGANIZATIONNAME = floodliu;
				TargetAttributes = {
					435E2A371D758A6A00388ED0 = {
						CreatedOnToolsVersion = 7.3.1;
					};
				};
			};
			buildConfigurationList = 435E2A331D758A6A00388ED0 /* Build configuration list for PBXProject "callback-notification" */;
			compatibilityVersion = "Xcode 3.2";
			developmentRegion = English;
			hasScannedForEncodings = 0;
			knownRegions = (
				en,
			);
			mainGroup = 435E2A2F1D758A6A00388ED0;
			productRefGroup = 435E2A391D758A6A00388ED0 /* Products */;
			projectDirPath = "";
			projectRoot = "";
			targets = (
				435E2A371D758A6A00388ED0 /* callback-notification */,
			);
		};
/* End PBXProject section */

/* Begin PBXSourcesBuildPhase section */
		435E2A341D758A6A00388ED0 /* Sources */ = {
			isa = PBXSourcesBuildPhase;
			buildActionMask = 2147483647;
			files = (
				435E2A441D758A8E00388ED0 /* BNRLogger.m in Sources */,
				435E2A3C1D758A6A00388ED0 /* main.m in Sources */,
			);
			runOnlyForDeploymentPostprocessing = 0;
		};
/* End PBXSourcesBuildPhase section */

/* Begin XCBuildConfiguration section */
		435E2A3D1D758A6A00388ED0 /* Debug */ = {
			isa = XCBuildConfiguration;
			buildSettings = {
				ALWAYS_SEARCH_USER_PATHS = NO;
				CLANG_ANALYZER_NONNULL = YES;
				CLANG_CXX_LANGUAGE_STANDARD = "gnu++0x";
				CLANG_CXX_LIBRARY = "libc++";
				CLANG_ENABLE_MODULES = YES;
				CLANG_ENABLE_OBJC_ARC = YES;
				CLANG_WARN_BOOL_CONVERSION = YES;
				CLANG_WARN_CONSTANT_CONVERSION = YES;
				CLANG_WARN_DIRECT_OBJC_ISA_USAGE = YES_ERROR;
				CLANG_WARN_EMPTY_BODY = YES;
				CLANG_WARN_ENUM_CONVERSION = YES;
				CLANG_WARN_INT_CONVERSION = YES;
				CLANG_WARN_OBJC_ROOT_CLASS = YES_ERROR;
				CLANG_WARN_UNREACHABLE_CODE = YES;
				CLANG_WARN__DUPLICATE_METHOD_MATCH = YES;
				CODE_SIGN_IDENTITY = "-";
				COPY_PHASE_STRIP = NO;
				DEBUG_INFORMATION_FORMAT = dwarf;
				ENABLE_STRICT_OBJC_MSGSEND = YES;
				ENABLE_TESTABILITY = YES;
				GCC_C_LANGUAGE_STANDARD = gnu99;
				GCC_DYNAMIC_NO_PIC = NO;
				GCC_NO_COMMON_BLOCKS = YES;
				GCC_OPTIMIZATION_LEVEL = 0;
				GCC_PREPROCESSOR_DEFINITIONS = (
					"DEBUG=1",
					"$(inherited)",
				);
				GCC_WARN_64_TO_32_BIT_CONVERSION = YES;
				GCC_WARN_ABOUT_RETURN_TYPE = YES_ERROR;
				GCC_WARN_UNDECLARED_SELECTOR = YES;
				GCC_WARN_UNINITIALIZED_AUTOS = YES_AGGRESSIVE;
				GCC_WARN_UNUSED_FUNCTION = YES;
				GCC_WARN_UNUSED_VARIABLE = YES;
				MACOSX_DEPLOYMENT_TARGET = 10.11;
				MTL_ENABLE_DEBUG_INFO = YES;
				ONLY_ACTIVE_ARCH = YES;
				SDKROOT = macosx;
			};
			name = Debug;
		};
		435E2A3E1D758A6A00388ED0 /* Release */ = {
			isa = XCBuildConfiguration;
			buildSettings = {
				ALWAYS_SEARCH_USER_PATHS = NO;
				CLANG_ANALYZER_NONNULL = YES;
				CLANG_CXX_LANGUAGE_STANDARD = "gnu++0x";
				CLANG_CXX_LIBRARY = "libc++";
				CLANG_ENABLE_MODULES = YES;
				CLANG_ENABLE_OBJC_ARC = YES;
				CLANG_WARN_BOOL_CONVERSION = YES;
				CLANG_WARN_CONSTANT_CONVERSION = YES;
				CLANG_WARN_DIRECT_OBJC_ISA_USAGE = YES_ERROR;
				CLANG_WARN_EMPTY_BODY = YES;
				CLANG_WARN_ENUM_CONVERSION = YES;
				CLANG_WARN_INT_CONVERSION = YES;
				CLANG_WARN_OBJC_ROOT_CLASS = YES_ERROR;
				CLANG_WARN_UNREACHABLE_CODE = YES;
				CLANG_WARN__DUPLICATE_METHOD_MATCH = YES;
				CODE_SIGN_IDENTITY = "-";
				COPY_PHASE_STRIP = NO;
				DEBUG_INFORMATION_FORMAT = "dwarf-with-dsym";
				ENABLE_NS_ASSERTIONS = NO;
				ENABLE_STRICT_OBJC_MSGSEND = YES;
				GCC_C_LANGUAGE_STANDARD = gnu99;
				GCC_NO_COMMON_BLOCKS = YES;
				GCC_WARN_64_TO_32_BIT_CONVERSION = YES;
				GCC_WARN_ABOUT_RETURN_TYPE = YES_ERROR;
				GCC_WARN_UNDECLARED_SELECTOR = YES;
				GCC_WARN_UNINITIALIZED_AUTOS = YES_AGGRESSIVE;
				GCC_WARN_UNUSED_FUNCTION = YES;
				GCC_WARN_UNUSED_VARIABLE = YES;
				MACOSX_DEPLOYMENT_TARGET = 10.11;
				MTL_ENABLE_DEBUG_INFO = NO;
				SDKROOT = macosx;
			};
			name = Release;
		};
		435E2A401D758A6A00388ED0 /* Debug */ = {
			isa = XCBuildConfiguration;
			buildSettings = {
				PRODUCT_NAME = "$(TARGET_NAME)";
			};
			name = Debug;
		};
		435E2A411D758A6A00388ED0 /* Release */ = {
			isa = XCBuildConfiguration;
			buildSettings = {
				PRODUCT_NAME = "$(TARGET_NAME)";
			};
			name = Release;
		};
/* End XCBuildConfiguration section */

/* Begin XCConfigurationList section */
		435E2A331D758A6A00388ED0 /* Build configuration list for PBXProject "callback-notification" */ = {
			isa = XCConfigurationList;
			buildConfigurations = (
				435E2A3D1D758A6A00388ED0 /* Debug */,
				435E2A3E1D758A6A00388ED0 /* Release */,
			);
			defaultConfigurationIsVisible = 0;
			defaultConfigurationName = Release;
		};
		435E2A3F1D758A6A00388ED0 /* Build configuration list for PBXNativeTarget "callback-notification" */ = {
			isa = XCConfigurationList;
			buildConfigurations = (
				435E2A401D758A6A00388ED0 /* Debug */,
				435E2A411D758A6A00388ED0 /* Release */,
			);
			defaultConfigurationIsVisible = 0;
		};
/* End XCConfigurationList section */
	};
	rootObject = 435E2A301D758A6A00388ED0 /* Project object */;
}
